{
  "version": 4,
  "terraform_version": "0.14.3",
  "serial": 46,
  "lineage": "2dab20b6-e862-53f9-7f04-350b6271496c",
  "outputs": {
    "app_public_ip": {
      "value": "52.17.29.46",
      "type": "string"
    }
  },
  "resources": [
    {
      "module": "module.app",
      "mode": "managed",
      "type": "aws_instance",
      "name": "app_instance",
      "provider": "provider[\"registry.terraform.io/hashicorp/aws\"]",
      "instances": [
        {
          "schema_version": 1,
          "attributes": {
            "ami": "ami-0d645d116113782c5",
            "arn": "arn:aws:ec2:eu-west-1:135928476890:instance/i-0429c80a00ee434b6",
            "associate_public_ip_address": true,
            "availability_zone": "eu-west-1c",
            "cpu_core_count": 1,
            "cpu_threads_per_core": 1,
            "credit_specification": [
              {
                "cpu_credits": "standard"
              }
            ],
            "disable_api_termination": false,
            "ebs_block_device": [],
            "ebs_optimized": false,
            "enclave_options": [
              {
                "enabled": false
              }
            ],
            "ephemeral_block_device": [],
            "get_password_data": false,
            "hibernation": false,
            "host_id": null,
            "iam_instance_profile": "",
            "id": "i-0429c80a00ee434b6",
            "instance_initiated_shutdown_behavior": null,
            "instance_state": "running",
            "instance_type": "t2.micro",
            "ipv6_address_count": 0,
            "ipv6_addresses": [],
            "key_name": "eng74.matt.aws.key",
            "metadata_options": [
              {
                "http_endpoint": "enabled",
                "http_put_response_hop_limit": 1,
                "http_tokens": "optional"
              }
            ],
            "monitoring": false,
            "network_interface": [],
            "outpost_arn": "",
            "password_data": "",
            "placement_group": "",
            "primary_network_interface_id": "eni-08a329e521917cc26",
            "private_dns": "ip-174-28-1-100.eu-west-1.compute.internal",
            "private_ip": "174.28.1.100",
            "public_dns": "",
            "public_ip": "52.17.29.46",
            "root_block_device": [
              {
                "delete_on_termination": true,
                "device_name": "/dev/sda1",
                "encrypted": false,
                "iops": 100,
                "kms_key_id": "",
                "throughput": 0,
                "volume_id": "vol-0c1e8b10cd7915a4c",
                "volume_size": 8,
                "volume_type": "gp2"
              }
            ],
            "secondary_private_ips": [],
            "security_groups": [
              "sg-08d73b521e70d231f"
            ],
            "source_dest_check": true,
            "subnet_id": "subnet-0714b8bc3f9c3d11f",
            "tags": {
              "Name": "eng74_matt_app_terraform"
            },
            "tenancy": "default",
            "timeouts": null,
            "user_data": "dc4981daabc8db28f44e766e3c0fb10a095820fe",
            "user_data_base64": null,
            "volume_tags": {},
            "vpc_security_group_ids": [
              "sg-08d73b521e70d231f"
            ]
          },
          "sensitive_attributes": [],
          "private": "eyJlMmJmYjczMC1lY2FhLTExZTYtOGY4OC0zNDM2M2JjN2M0YzAiOnsiY3JlYXRlIjo2MDAwMDAwMDAwMDAsImRlbGV0ZSI6MTIwMDAwMDAwMDAwMCwidXBkYXRlIjo2MDAwMDAwMDAwMDB9LCJzY2hlbWFfdmVyc2lvbiI6IjEifQ==",
          "dependencies": [
            "module.db.aws_instance.db_instance",
            "module.sg.aws_security_group.app_sg",
            "module.sg.aws_security_group.db_sg",
            "module.vpc.aws_subnet.private_subnet",
            "module.vpc.aws_subnet.public_subnet"
          ]
        }
      ]
    },
    {
      "module": "module.db",
      "mode": "managed",
      "type": "aws_instance",
      "name": "db_instance",
      "provider": "provider[\"registry.terraform.io/hashicorp/aws\"]",
      "instances": [
        {
          "schema_version": 1,
          "attributes": {
            "ami": "ami-026f0bb06657f628a",
            "arn": "arn:aws:ec2:eu-west-1:135928476890:instance/i-031e9c494efb85205",
            "associate_public_ip_address": true,
            "availability_zone": "eu-west-1a",
            "cpu_core_count": 1,
            "cpu_threads_per_core": 1,
            "credit_specification": [
              {
                "cpu_credits": "standard"
              }
            ],
            "disable_api_termination": false,
            "ebs_block_device": [],
            "ebs_optimized": false,
            "enclave_options": [
              {
                "enabled": false
              }
            ],
            "ephemeral_block_device": [],
            "get_password_data": false,
            "hibernation": false,
            "host_id": null,
            "iam_instance_profile": "",
            "id": "i-031e9c494efb85205",
            "instance_initiated_shutdown_behavior": null,
            "instance_state": "running",
            "instance_type": "t2.micro",
            "ipv6_address_count": 0,
            "ipv6_addresses": [],
            "key_name": "eng74.matt.aws.key",
            "metadata_options": [
              {
                "http_endpoint": "enabled",
                "http_put_response_hop_limit": 1,
                "http_tokens": "optional"
              }
            ],
            "monitoring": false,
            "network_interface": [],
            "outpost_arn": "",
            "password_data": "",
            "placement_group": "",
            "primary_network_interface_id": "eni-0481209d10f37d840",
            "private_dns": "ip-174-28-2-64.eu-west-1.compute.internal",
            "private_ip": "174.28.2.64",
            "public_dns": "",
            "public_ip": "52.16.205.252",
            "root_block_device": [
              {
                "delete_on_termination": true,
                "device_name": "/dev/sda1",
                "encrypted": false,
                "iops": 100,
                "kms_key_id": "",
                "throughput": 0,
                "volume_id": "vol-0de0e0fd61daacab1",
                "volume_size": 8,
                "volume_type": "gp2"
              }
            ],
            "secondary_private_ips": [],
            "security_groups": [
              "sg-0485ca71010fccad1"
            ],
            "source_dest_check": true,
            "subnet_id": "subnet-0c7aa5c59d0de7d6b",
            "tags": {
              "Name": "eng74_matt_db_terraform"
            },
            "tenancy": "default",
            "timeouts": null,
            "user_data": null,
            "user_data_base64": null,
            "volume_tags": {},
            "vpc_security_group_ids": [
              "sg-0485ca71010fccad1"
            ]
          },
          "sensitive_attributes": [],
          "private": "eyJlMmJmYjczMC1lY2FhLTExZTYtOGY4OC0zNDM2M2JjN2M0YzAiOnsiY3JlYXRlIjo2MDAwMDAwMDAwMDAsImRlbGV0ZSI6MTIwMDAwMDAwMDAwMCwidXBkYXRlIjo2MDAwMDAwMDAwMDB9LCJzY2hlbWFfdmVyc2lvbiI6IjEifQ==",
          "dependencies": [
            "module.sg.aws_security_group.db_sg",
            "module.vpc.aws_subnet.private_subnet"
          ]
        }
      ]
    },
    {
      "module": "module.myip",
      "mode": "data",
      "type": "http",
      "name": "ip_address",
      "provider": "provider[\"registry.terraform.io/hashicorp/http\"]",
      "instances": [
        {
          "schema_version": 0,
          "attributes": {
            "body": "84.69.118.155",
            "id": "https://api.ipify.org",
            "request_headers": {
              "Accept": "text/plain"
            },
            "response_headers": {
              "Connection": "keep-alive",
              "Content-Length": "13",
              "Content-Type": "text/plain",
              "Date": "Thu, 07 Jan 2021 17:41:06 GMT",
              "Server": "Cowboy",
              "Vary": "Origin",
              "Via": "1.1 vegur"
            },
            "url": "https://api.ipify.org"
          },
          "sensitive_attributes": []
        }
      ]
    },
    {
      "module": "module.sg",
      "mode": "managed",
      "type": "aws_security_group",
      "name": "app_sg",
      "provider": "provider[\"registry.terraform.io/hashicorp/aws\"]",
      "instances": [
        {
          "schema_version": 1,
          "attributes": {
            "arn": "arn:aws:ec2:eu-west-1:135928476890:security-group/sg-08d73b521e70d231f",
            "description": "allows traffic to app",
            "egress": [
              {
                "cidr_blocks": [
                  "0.0.0.0/0"
                ],
                "description": "",
                "from_port": 0,
                "ipv6_cidr_blocks": [],
                "prefix_list_ids": [],
                "protocol": "-1",
                "security_groups": [],
                "self": false,
                "to_port": 0
              }
            ],
            "id": "sg-08d73b521e70d231f",
            "ingress": [
              {
                "cidr_blocks": [
                  "0.0.0.0/0"
                ],
                "description": "HTTP from anywhere",
                "from_port": 80,
                "ipv6_cidr_blocks": [],
                "prefix_list_ids": [],
                "protocol": "tcp",
                "security_groups": [],
                "self": false,
                "to_port": 80
              },
              {
                "cidr_blocks": [
                  "0.0.0.0/0"
                ],
                "description": "HTTPS from anywhere",
                "from_port": 443,
                "ipv6_cidr_blocks": [],
                "prefix_list_ids": [],
                "protocol": "tcp",
                "security_groups": [],
                "self": false,
                "to_port": 443
              },
              {
                "cidr_blocks": [
                  "84.69.118.155/32"
                ],
                "description": "Port 3000 for my ip",
                "from_port": 3000,
                "ipv6_cidr_blocks": [],
                "prefix_list_ids": [],
                "protocol": "tcp",
                "security_groups": [],
                "self": false,
                "to_port": 3000
              },
              {
                "cidr_blocks": [
                  "84.69.118.155/32"
                ],
                "description": "port 22 from my ip",
                "from_port": 22,
                "ipv6_cidr_blocks": [],
                "prefix_list_ids": [],
                "protocol": "tcp",
                "security_groups": [],
                "self": false,
                "to_port": 22
              }
            ],
            "name": "public_sg_for_app_matt",
            "name_prefix": "",
            "owner_id": "135928476890",
            "revoke_rules_on_delete": false,
            "tags": {
              "Name": "eng74_matt_app_sg_terraform"
            },
            "timeouts": null,
            "vpc_id": "vpc-0ce0a09fc92be7043"
          },
          "sensitive_attributes": [],
          "private": "eyJlMmJmYjczMC1lY2FhLTExZTYtOGY4OC0zNDM2M2JjN2M0YzAiOnsiY3JlYXRlIjo2MDAwMDAwMDAwMDAsImRlbGV0ZSI6NjAwMDAwMDAwMDAwfSwic2NoZW1hX3ZlcnNpb24iOiIxIn0=",
          "dependencies": [
            "module.myip.data.http.ip_address",
            "module.vpc.aws_vpc.matt_vpc"
          ]
        }
      ]
    },
    {
      "module": "module.sg",
      "mode": "managed",
      "type": "aws_security_group",
      "name": "db_sg",
      "provider": "provider[\"registry.terraform.io/hashicorp/aws\"]",
      "instances": [
        {
          "schema_version": 1,
          "attributes": {
            "arn": "arn:aws:ec2:eu-west-1:135928476890:security-group/sg-0485ca71010fccad1",
            "description": "allows traffic to db from app",
            "egress": [
              {
                "cidr_blocks": [
                  "0.0.0.0/0"
                ],
                "description": "",
                "from_port": 0,
                "ipv6_cidr_blocks": [],
                "prefix_list_ids": [],
                "protocol": "-1",
                "security_groups": [],
                "self": false,
                "to_port": 0
              }
            ],
            "id": "sg-0485ca71010fccad1",
            "ingress": [
              {
                "cidr_blocks": [],
                "description": "",
                "from_port": 27017,
                "ipv6_cidr_blocks": [],
                "prefix_list_ids": [],
                "protocol": "tcp",
                "security_groups": [
                  "sg-08d73b521e70d231f"
                ],
                "self": false,
                "to_port": 27017
              }
            ],
            "name": "public_sg_for_db_matt",
            "name_prefix": "",
            "owner_id": "135928476890",
            "revoke_rules_on_delete": false,
            "tags": {
              "Name": "eng74_matt_db_sg_terraform"
            },
            "timeouts": null,
            "vpc_id": "vpc-0ce0a09fc92be7043"
          },
          "sensitive_attributes": [],
          "private": "eyJlMmJmYjczMC1lY2FhLTExZTYtOGY4OC0zNDM2M2JjN2M0YzAiOnsiY3JlYXRlIjo2MDAwMDAwMDAwMDAsImRlbGV0ZSI6NjAwMDAwMDAwMDAwfSwic2NoZW1hX3ZlcnNpb24iOiIxIn0=",
          "dependencies": [
            "module.myip.data.http.ip_address",
            "module.sg.aws_security_group.app_sg",
            "module.vpc.aws_vpc.matt_vpc"
          ]
        }
      ]
    },
    {
      "module": "module.vpc",
      "mode": "managed",
      "type": "aws_internet_gateway",
      "name": "gw",
      "provider": "provider[\"registry.terraform.io/hashicorp/aws\"]",
      "instances": [
        {
          "schema_version": 0,
          "attributes": {
            "arn": "arn:aws:ec2:eu-west-1:135928476890:internet-gateway/igw-0e6cfeb00b42c4f31",
            "id": "igw-0e6cfeb00b42c4f31",
            "owner_id": "135928476890",
            "tags": {
              "Name": "eng74_matt_igw_terraform"
            },
            "vpc_id": "vpc-0ce0a09fc92be7043"
          },
          "sensitive_attributes": [],
          "private": "bnVsbA==",
          "dependencies": [
            "module.vpc.aws_vpc.matt_vpc"
          ]
        }
      ]
    },
    {
      "module": "module.vpc",
      "mode": "managed",
      "type": "aws_network_acl",
      "name": "private_nacl",
      "provider": "provider[\"registry.terraform.io/hashicorp/aws\"]",
      "instances": [
        {
          "schema_version": 0,
          "attributes": {
            "arn": "arn:aws:ec2:eu-west-1:135928476890:network-acl/acl-04cdf76dc4de64a50",
            "egress": [
              {
                "action": "allow",
                "cidr_block": "174.28.2.0/24",
                "from_port": 1024,
                "icmp_code": 0,
                "icmp_type": 0,
                "ipv6_cidr_block": "",
                "protocol": "6",
                "rule_no": 100,
                "to_port": 65535
              }
            ],
            "id": "acl-04cdf76dc4de64a50",
            "ingress": [
              {
                "action": "allow",
                "cidr_block": "0.0.0.0/0",
                "from_port": 27017,
                "icmp_code": 0,
                "icmp_type": 0,
                "ipv6_cidr_block": "",
                "protocol": "6",
                "rule_no": 110,
                "to_port": 27017
              },
              {
                "action": "allow",
                "cidr_block": "174.28.2.0/24",
                "from_port": 22,
                "icmp_code": 0,
                "icmp_type": 0,
                "ipv6_cidr_block": "",
                "protocol": "6",
                "rule_no": 100,
                "to_port": 22
              }
            ],
            "owner_id": "135928476890",
            "subnet_ids": [
              "subnet-0c7aa5c59d0de7d6b"
            ],
            "tags": {
              "Name": "eng74_matt_NACL_db_terraform"
            },
            "vpc_id": "vpc-0ce0a09fc92be7043"
          },
          "sensitive_attributes": [],
          "private": "bnVsbA==",
          "dependencies": [
            "module.vpc.aws_subnet.private_subnet",
            "module.vpc.aws_vpc.matt_vpc"
          ]
        }
      ]
    },
    {
      "module": "module.vpc",
      "mode": "managed",
      "type": "aws_network_acl",
      "name": "public_nacl",
      "provider": "provider[\"registry.terraform.io/hashicorp/aws\"]",
      "instances": [
        {
          "schema_version": 0,
          "attributes": {
            "arn": "arn:aws:ec2:eu-west-1:135928476890:network-acl/acl-0b0268c3166176603",
            "egress": [
              {
                "action": "allow",
                "cidr_block": "0.0.0.0/0",
                "from_port": 1024,
                "icmp_code": null,
                "icmp_type": null,
                "ipv6_cidr_block": "",
                "protocol": "tcp",
                "rule_no": 130,
                "to_port": 65535
              },
              {
                "action": "allow",
                "cidr_block": "0.0.0.0/0",
                "from_port": 443,
                "icmp_code": null,
                "icmp_type": null,
                "ipv6_cidr_block": "",
                "protocol": "tcp",
                "rule_no": 110,
                "to_port": 443
              },
              {
                "action": "allow",
                "cidr_block": "0.0.0.0/0",
                "from_port": 80,
                "icmp_code": null,
                "icmp_type": null,
                "ipv6_cidr_block": "",
                "protocol": "tcp",
                "rule_no": 100,
                "to_port": 80
              },
              {
                "action": "allow",
                "cidr_block": "174.28.2.0/24",
                "from_port": 27017,
                "icmp_code": null,
                "icmp_type": null,
                "ipv6_cidr_block": "",
                "protocol": "tcp",
                "rule_no": 140,
                "to_port": 27017
              },
              {
                "action": "allow",
                "cidr_block": "84.69.118.155/32",
                "from_port": 22,
                "icmp_code": null,
                "icmp_type": null,
                "ipv6_cidr_block": "",
                "protocol": "tcp",
                "rule_no": 120,
                "to_port": 22
              }
            ],
            "id": "acl-0b0268c3166176603",
            "ingress": [
              {
                "action": "allow",
                "cidr_block": "0.0.0.0/0",
                "from_port": 1024,
                "icmp_code": null,
                "icmp_type": null,
                "ipv6_cidr_block": "",
                "protocol": "tcp",
                "rule_no": 130,
                "to_port": 65535
              },
              {
                "action": "allow",
                "cidr_block": "0.0.0.0/0",
                "from_port": 443,
                "icmp_code": null,
                "icmp_type": null,
                "ipv6_cidr_block": "",
                "protocol": "tcp",
                "rule_no": 100,
                "to_port": 443
              },
              {
                "action": "allow",
                "cidr_block": "0.0.0.0/0",
                "from_port": 80,
                "icmp_code": null,
                "icmp_type": null,
                "ipv6_cidr_block": "",
                "protocol": "tcp",
                "rule_no": 110,
                "to_port": 80
              },
              {
                "action": "allow",
                "cidr_block": "84.69.118.155/32",
                "from_port": 22,
                "icmp_code": null,
                "icmp_type": null,
                "ipv6_cidr_block": "",
                "protocol": "tcp",
                "rule_no": 120,
                "to_port": 22
              }
            ],
            "owner_id": "135928476890",
            "subnet_ids": [
              "subnet-0714b8bc3f9c3d11f"
            ],
            "tags": {
              "Name": "eng74_matt_NACL_app_terraform"
            },
            "vpc_id": "vpc-0ce0a09fc92be7043"
          },
          "sensitive_attributes": [],
          "private": "bnVsbA==",
          "dependencies": [
            "module.myip.data.http.ip_address",
            "module.vpc.aws_subnet.public_subnet",
            "module.vpc.aws_vpc.matt_vpc"
          ]
        }
      ]
    },
    {
      "module": "module.vpc",
      "mode": "managed",
      "type": "aws_route_table",
      "name": "route_private_table",
      "provider": "provider[\"registry.terraform.io/hashicorp/aws\"]",
      "instances": [
        {
          "schema_version": 0,
          "attributes": {
            "id": "rtb-063082885b1084839",
            "owner_id": "135928476890",
            "propagating_vgws": [],
            "route": [
              {
                "cidr_block": "0.0.0.0/0",
                "egress_only_gateway_id": "",
                "gateway_id": "igw-0e6cfeb00b42c4f31",
                "instance_id": "",
                "ipv6_cidr_block": "",
                "local_gateway_id": "",
                "nat_gateway_id": "",
                "network_interface_id": "",
                "transit_gateway_id": "",
                "vpc_endpoint_id": "",
                "vpc_peering_connection_id": ""
              }
            ],
            "tags": {
              "Name": "eng74_matt_route_table_db_terraform"
            },
            "vpc_id": "vpc-0ce0a09fc92be7043"
          },
          "sensitive_attributes": [],
          "private": "bnVsbA==",
          "dependencies": [
            "module.vpc.aws_internet_gateway.gw",
            "module.vpc.aws_vpc.matt_vpc"
          ]
        }
      ]
    },
    {
      "module": "module.vpc",
      "mode": "managed",
      "type": "aws_route_table",
      "name": "route_public_table",
      "provider": "provider[\"registry.terraform.io/hashicorp/aws\"]",
      "instances": [
        {
          "schema_version": 0,
          "attributes": {
            "id": "rtb-03064626fd39c0b4d",
            "owner_id": "135928476890",
            "propagating_vgws": [],
            "route": [
              {
                "cidr_block": "0.0.0.0/0",
                "egress_only_gateway_id": "",
                "gateway_id": "igw-0e6cfeb00b42c4f31",
                "instance_id": "",
                "ipv6_cidr_block": "",
                "local_gateway_id": "",
                "nat_gateway_id": "",
                "network_interface_id": "",
                "transit_gateway_id": "",
                "vpc_endpoint_id": "",
                "vpc_peering_connection_id": ""
              }
            ],
            "tags": {
              "Name": "eng74_matt_app_route_table_terraform"
            },
            "vpc_id": "vpc-0ce0a09fc92be7043"
          },
          "sensitive_attributes": [],
          "private": "bnVsbA==",
          "dependencies": [
            "module.vpc.aws_internet_gateway.gw",
            "module.vpc.aws_vpc.matt_vpc"
          ]
        }
      ]
    },
    {
      "module": "module.vpc",
      "mode": "managed",
      "type": "aws_route_table_association",
      "name": "route_private_association",
      "provider": "provider[\"registry.terraform.io/hashicorp/aws\"]",
      "instances": [
        {
          "schema_version": 0,
          "attributes": {
            "gateway_id": null,
            "id": "rtbassoc-06c10028b4c87ee15",
            "route_table_id": "rtb-063082885b1084839",
            "subnet_id": "subnet-0c7aa5c59d0de7d6b"
          },
          "sensitive_attributes": [],
          "private": "bnVsbA==",
          "dependencies": [
            "module.vpc.aws_internet_gateway.gw",
            "module.vpc.aws_route_table.route_private_table",
            "module.vpc.aws_subnet.private_subnet",
            "module.vpc.aws_vpc.matt_vpc"
          ]
        }
      ]
    },
    {
      "module": "module.vpc",
      "mode": "managed",
      "type": "aws_route_table_association",
      "name": "route_public_association",
      "provider": "provider[\"registry.terraform.io/hashicorp/aws\"]",
      "instances": [
        {
          "schema_version": 0,
          "attributes": {
            "gateway_id": null,
            "id": "rtbassoc-0e52a3ed5c9cdfdd7",
            "route_table_id": "rtb-03064626fd39c0b4d",
            "subnet_id": "subnet-0714b8bc3f9c3d11f"
          },
          "sensitive_attributes": [],
          "private": "bnVsbA==",
          "dependencies": [
            "module.vpc.aws_internet_gateway.gw",
            "module.vpc.aws_route_table.route_public_table",
            "module.vpc.aws_subnet.public_subnet",
            "module.vpc.aws_vpc.matt_vpc"
          ]
        }
      ]
    },
    {
      "module": "module.vpc",
      "mode": "managed",
      "type": "aws_subnet",
      "name": "private_subnet",
      "provider": "provider[\"registry.terraform.io/hashicorp/aws\"]",
      "instances": [
        {
          "schema_version": 1,
          "attributes": {
            "arn": "arn:aws:ec2:eu-west-1:135928476890:subnet/subnet-0c7aa5c59d0de7d6b",
            "assign_ipv6_address_on_creation": false,
            "availability_zone": "eu-west-1a",
            "availability_zone_id": "euw1-az3",
            "cidr_block": "174.28.2.0/24",
            "id": "subnet-0c7aa5c59d0de7d6b",
            "ipv6_cidr_block": "",
            "ipv6_cidr_block_association_id": "",
            "map_public_ip_on_launch": false,
            "outpost_arn": "",
            "owner_id": "135928476890",
            "tags": {
              "Name": "eng74_matt_subnet_private_terraform"
            },
            "timeouts": null,
            "vpc_id": "vpc-0ce0a09fc92be7043"
          },
          "sensitive_attributes": [],
          "private": "eyJlMmJmYjczMC1lY2FhLTExZTYtOGY4OC0zNDM2M2JjN2M0YzAiOnsiY3JlYXRlIjo2MDAwMDAwMDAwMDAsImRlbGV0ZSI6MTIwMDAwMDAwMDAwMH0sInNjaGVtYV92ZXJzaW9uIjoiMSJ9",
          "dependencies": [
            "module.vpc.aws_vpc.matt_vpc"
          ]
        }
      ]
    },
    {
      "module": "module.vpc",
      "mode": "managed",
      "type": "aws_subnet",
      "name": "public_subnet",
      "provider": "provider[\"registry.terraform.io/hashicorp/aws\"]",
      "instances": [
        {
          "schema_version": 1,
          "attributes": {
            "arn": "arn:aws:ec2:eu-west-1:135928476890:subnet/subnet-0714b8bc3f9c3d11f",
            "assign_ipv6_address_on_creation": false,
            "availability_zone": "eu-west-1c",
            "availability_zone_id": "euw1-az2",
            "cidr_block": "174.28.1.0/24",
            "id": "subnet-0714b8bc3f9c3d11f",
            "ipv6_cidr_block": "",
            "ipv6_cidr_block_association_id": "",
            "map_public_ip_on_launch": true,
            "outpost_arn": "",
            "owner_id": "135928476890",
            "tags": {
              "Name": "eng74_matt_subnet_public_terraform"
            },
            "timeouts": null,
            "vpc_id": "vpc-0ce0a09fc92be7043"
          },
          "sensitive_attributes": [],
          "private": "eyJlMmJmYjczMC1lY2FhLTExZTYtOGY4OC0zNDM2M2JjN2M0YzAiOnsiY3JlYXRlIjo2MDAwMDAwMDAwMDAsImRlbGV0ZSI6MTIwMDAwMDAwMDAwMH0sInNjaGVtYV92ZXJzaW9uIjoiMSJ9",
          "dependencies": [
            "module.vpc.aws_vpc.matt_vpc"
          ]
        }
      ]
    },
    {
      "module": "module.vpc",
      "mode": "managed",
      "type": "aws_vpc",
      "name": "matt_vpc",
      "provider": "provider[\"registry.terraform.io/hashicorp/aws\"]",
      "instances": [
        {
          "schema_version": 1,
          "attributes": {
            "arn": "arn:aws:ec2:eu-west-1:135928476890:vpc/vpc-0ce0a09fc92be7043",
            "assign_generated_ipv6_cidr_block": false,
            "cidr_block": "174.28.0.0/16",
            "default_network_acl_id": "acl-0b12b10448ca61f93",
            "default_route_table_id": "rtb-0069d8babe15083e7",
            "default_security_group_id": "sg-078245e4d935ce7b6",
            "dhcp_options_id": "dopt-18d5d77d",
            "enable_classiclink": false,
            "enable_classiclink_dns_support": false,
            "enable_dns_hostnames": false,
            "enable_dns_support": true,
            "id": "vpc-0ce0a09fc92be7043",
            "instance_tenancy": "default",
            "ipv6_association_id": "",
            "ipv6_cidr_block": "",
            "main_route_table_id": "rtb-0069d8babe15083e7",
            "owner_id": "135928476890",
            "tags": {
              "Name": "eng74_matt_vpc_terraform"
            }
          },
          "sensitive_attributes": [],
          "private": "eyJzY2hlbWFfdmVyc2lvbiI6IjEifQ=="
        }
      ]
    }
  ]
}
